{
  "name": "lorikeet",
  "version": "1.0.0",
  "lockfileVersion": 1,
  "requires": true,
  "dependencies": {
    "lunr": {
      "version": "2.3.5",
      "resolved": "http://r.cnpmjs.org/lunr/download/lunr-2.3.5.tgz",
      "integrity": "sha1-e1ELrVfpSN+5mnH9/wDBv5Fxvdo="
    },
    "os-homedir": {
      "version": "1.0.2",
      "resolved": "http://r.cnpmjs.org/os-homedir/download/os-homedir-1.0.2.tgz",
      "integrity": "sha1-/7xJiDNuDoM94MFox+8VISGqf7M="
    },
    "os-tmpdir": {
      "version": "1.0.2",
      "resolved": "http://r.cnpmjs.org/os-tmpdir/download/os-tmpdir-1.0.2.tgz",
      "integrity": "sha1-u+Z0BseaqFxc/sdm/lc0VV36EnQ="
    },
    "osenv": {
      "version": "0.1.5",
      "resolved": "http://r.cnpmjs.org/osenv/download/osenv-0.1.5.tgz",
      "integrity": "sha1-hc36+uso6Gd/QW4odZK18/SepBA=",
      "requires": {
        "os-homedir": "^1.0.0",
        "os-tmpdir": "^1.0.0"
      }
    }
  }
}
